
Microsoft Visual Studio Solution File, Format Version 12.00
# Visual Studio Version 16
VisualStudioVersion = 16.0.30717.126
MinimumVisualStudioVersion = 10.0.40219.1
Project("{FAE04EC0-301F-11D3-BF4B-00C04F79EFBC}") = "Demo-Voedingsdagboek", "Demo-Voedingsdagboek\Demo-Voedingsdagboek.csproj", "{0E37710E-0CA1-4EB3-A2FF-5B6334E31F77}"
EndProject
Global
	GlobalSection(SolutionConfigurationPlatforms) = preSolution
		Debug|Any CPU = Debug|Any CPU
		Release|Any CPU = Release|Any CPU
	EndGlobalSection
	GlobalSection(ProjectConfigurationPlatforms) = postSolution
		{0E37710E-0CA1-4EB3-A2FF-5B6334E31F77}.Debug|Any CPU.ActiveCfg = Debug|Any CPU
		{0E37710E-0CA1-4EB3-A2FF-5B6334E31F77}.Debug|Any CPU.Build.0 = Debug|Any CPU
		{0E37710E-0CA1-4EB3-A2FF-5B6334E31F77}.Release|Any CPU.ActiveCfg = Release|Any CPU
		{0E37710E-0CA1-4EB3-A2FF-5B6334E31F77}.Release|Any CPU.Build.0 = Release|Any CPU
	EndGlobalSection
	GlobalSection(SolutionProperties) = preSolution
		HideSolutionNode = FALSE
	EndGlobalSection
	GlobalSection(ExtensibilityGlobals) = postSolution
		SolutionGuid = {D1171D1A-D3EE-4AB7-914C-17D53788F113}
	EndGlobalSection
EndGlobal
